
Microsoft Visual Studio Solution File, Format Version 12.00
# Visual Studio Version 17
VisualStudioVersion = 17.11.35312.102
MinimumVisualStudioVersion = 10.0.40219.1
Project("{FAE04EC0-301F-11D3-BF4B-00C04F79EFBC}") = "ViewBag_ViewData_TempData", "ViewBag_ViewData_TempData\ViewBag_ViewData_TempData.csproj", "{5BFACB47-1DD5-4BEC-A194-3577411A6395}"
EndProject
Global
	GlobalSection(SolutionConfigurationPlatforms) = preSolution
		Debug|Any CPU = Debug|Any CPU
		Release|Any CPU = Release|Any CPU
	EndGlobalSection
	GlobalSection(ProjectConfigurationPlatforms) = postSolution
		{5BFACB47-1DD5-4BEC-A194-3577411A6395}.Debug|Any CPU.ActiveCfg = Debug|Any CPU
		{5BFACB47-1DD5-4BEC-A194-3577411A6395}.Debug|Any CPU.Build.0 = Debug|Any CPU
		{5BFACB47-1DD5-4BEC-A194-3577411A6395}.Release|Any CPU.ActiveCfg = Release|Any CPU
		{5BFACB47-1DD5-4BEC-A194-3577411A6395}.Release|Any CPU.Build.0 = Release|Any CPU
	EndGlobalSection
	GlobalSection(SolutionProperties) = preSolution
		HideSolutionNode = FALSE
	EndGlobalSection
	GlobalSection(ExtensibilityGlobals) = postSolution
		SolutionGuid = {C8B002A7-E7E7-4745-BC93-FC1ED9DE3A72}
	EndGlobalSection
EndGlobal
