
Microsoft Visual Studio Solution File, Format Version 12.00
# Visual Studio Version 17
VisualStudioVersion = 17.11.35312.102
MinimumVisualStudioVersion = 10.0.40219.1
Project("{FAE04EC0-301F-11D3-BF4B-00C04F79EFBC}") = "DotNet_Crud", "DotNet_Crud\DotNet_Crud.csproj", "{941268D7-5B57-429B-8132-869457C5B2BC}"
EndProject
Global
	GlobalSection(SolutionConfigurationPlatforms) = preSolution
		Debug|Any CPU = Debug|Any CPU
		Release|Any CPU = Release|Any CPU
	EndGlobalSection
	GlobalSection(ProjectConfigurationPlatforms) = postSolution
		{941268D7-5B57-429B-8132-869457C5B2BC}.Debug|Any CPU.ActiveCfg = Debug|Any CPU
		{941268D7-5B57-429B-8132-869457C5B2BC}.Debug|Any CPU.Build.0 = Debug|Any CPU
		{941268D7-5B57-429B-8132-869457C5B2BC}.Release|Any CPU.ActiveCfg = Release|Any CPU
		{941268D7-5B57-429B-8132-869457C5B2BC}.Release|Any CPU.Build.0 = Release|Any CPU
	EndGlobalSection
	GlobalSection(SolutionProperties) = preSolution
		HideSolutionNode = FALSE
	EndGlobalSection
	GlobalSection(ExtensibilityGlobals) = postSolution
		SolutionGuid = {D0713CEA-6F86-4606-8AA3-5F97BD8A5E16}
	EndGlobalSection
EndGlobal
