
Microsoft Visual Studio Solution File, Format Version 12.00
# Visual Studio Version 17
VisualStudioVersion = 17.11.35312.102
MinimumVisualStudioVersion = 10.0.40219.1
Project("{FAE04EC0-301F-11D3-BF4B-00C04F79EFBC}") = "DB_Connection", "DB_Connection\DB_Connection.csproj", "{DB334105-3C6C-4539-8E9D-5C175586F3C4}"
EndProject
Global
	GlobalSection(SolutionConfigurationPlatforms) = preSolution
		Debug|Any CPU = Debug|Any CPU
		Release|Any CPU = Release|Any CPU
	EndGlobalSection
	GlobalSection(ProjectConfigurationPlatforms) = postSolution
		{DB334105-3C6C-4539-8E9D-5C175586F3C4}.Debug|Any CPU.ActiveCfg = Debug|Any CPU
		{DB334105-3C6C-4539-8E9D-5C175586F3C4}.Debug|Any CPU.Build.0 = Debug|Any CPU
		{DB334105-3C6C-4539-8E9D-5C175586F3C4}.Release|Any CPU.ActiveCfg = Release|Any CPU
		{DB334105-3C6C-4539-8E9D-5C175586F3C4}.Release|Any CPU.Build.0 = Release|Any CPU
	EndGlobalSection
	GlobalSection(SolutionProperties) = preSolution
		HideSolutionNode = FALSE
	EndGlobalSection
	GlobalSection(ExtensibilityGlobals) = postSolution
		SolutionGuid = {CBC2618C-3AA6-460A-9D6C-9591AC8DDA3B}
	EndGlobalSection
EndGlobal
