
Microsoft Visual Studio Solution File, Format Version 12.00
# Visual Studio Version 17
VisualStudioVersion = 17.11.35312.102
MinimumVisualStudioVersion = 10.0.40219.1
Project("{FAE04EC0-301F-11D3-BF4B-00C04F79EFBC}") = "Template_Integration", "Template_Integration\Template_Integration.csproj", "{200E5F0D-B1B3-48D8-9084-EAD465079D15}"
EndProject
Global
	GlobalSection(SolutionConfigurationPlatforms) = preSolution
		Debug|Any CPU = Debug|Any CPU
		Release|Any CPU = Release|Any CPU
	EndGlobalSection
	GlobalSection(ProjectConfigurationPlatforms) = postSolution
		{200E5F0D-B1B3-48D8-9084-EAD465079D15}.Debug|Any CPU.ActiveCfg = Debug|Any CPU
		{200E5F0D-B1B3-48D8-9084-EAD465079D15}.Debug|Any CPU.Build.0 = Debug|Any CPU
		{200E5F0D-B1B3-48D8-9084-EAD465079D15}.Release|Any CPU.ActiveCfg = Release|Any CPU
		{200E5F0D-B1B3-48D8-9084-EAD465079D15}.Release|Any CPU.Build.0 = Release|Any CPU
	EndGlobalSection
	GlobalSection(SolutionProperties) = preSolution
		HideSolutionNode = FALSE
	EndGlobalSection
	GlobalSection(ExtensibilityGlobals) = postSolution
		SolutionGuid = {7812F3B6-C025-49E6-A43F-E7E0459EDEB9}
	EndGlobalSection
EndGlobal
