
Microsoft Visual Studio Solution File, Format Version 12.00
# Visual Studio Version 17
VisualStudioVersion = 17.11.35312.102
MinimumVisualStudioVersion = 10.0.40219.1
Project("{FAE04EC0-301F-11D3-BF4B-00C04F79EFBC}") = "AspStudent_Api", "AspStudent_Api\AspStudent_Api.csproj", "{578881D3-2156-44E4-88B0-55B6D5D75ADE}"
EndProject
Global
	GlobalSection(SolutionConfigurationPlatforms) = preSolution
		Debug|Any CPU = Debug|Any CPU
		Release|Any CPU = Release|Any CPU
	EndGlobalSection
	GlobalSection(ProjectConfigurationPlatforms) = postSolution
		{578881D3-2156-44E4-88B0-55B6D5D75ADE}.Debug|Any CPU.ActiveCfg = Debug|Any CPU
		{578881D3-2156-44E4-88B0-55B6D5D75ADE}.Debug|Any CPU.Build.0 = Debug|Any CPU
		{578881D3-2156-44E4-88B0-55B6D5D75ADE}.Release|Any CPU.ActiveCfg = Release|Any CPU
		{578881D3-2156-44E4-88B0-55B6D5D75ADE}.Release|Any CPU.Build.0 = Release|Any CPU
	EndGlobalSection
	GlobalSection(SolutionProperties) = preSolution
		HideSolutionNode = FALSE
	EndGlobalSection
	GlobalSection(ExtensibilityGlobals) = postSolution
		SolutionGuid = {6A471D62-48AB-4A7B-9322-3D795BE60639}
	EndGlobalSection
EndGlobal
